// !$*UTF8*$!
{
	archiveVersion = 1;
	classes = {
	};
	objectVersion = 46;
	objects = {

/* Begin PBXBuildFile section */
		5ED0197E152B6D370012148C /* UIKit.framework in Frameworks */ = {isa = PBXBuildFile; fileRef = 5ED0197D152B6D370012148C /* UIKit.framework */; };
		5ED01980152B6D370012148C /* Foundation.framework in Frameworks */ = {isa = PBXBuildFile; fileRef = 5ED0197F152B6D370012148C /* Foundation.framework */; };
		5ED01982152B6D370012148C /* CoreGraphics.framework in Frameworks */ = {isa = PBXBuildFile; fileRef = 5ED01981152B6D370012148C /* CoreGraphics.framework */; };
		5ED01988152B6D370012148C /* InfoPlist.strings in Resources */ = {isa = PBXBuildFile; fileRef = 5ED01986152B6D370012148C /* InfoPlist.strings */; };
		5ED0198A152B6D370012148C /* main.m in Sources */ = {isa = PBXBuildFile; fileRef = 5ED01989152B6D370012148C /* main.m */; };
		5ED0198E152B6D370012148C /* AppDelegate.m in Sources */ = {isa = PBXBuildFile; fileRef = 5ED0198D152B6D370012148C /* AppDelegate.m */; };
		5ED01991152B6D370012148C /* ViewController.m in Sources */ = {isa = PBXBuildFile; fileRef = 5ED01990152B6D370012148C /* ViewController.m */; };
		5ED01994152B6D370012148C /* ViewController.xib in Resources */ = {isa = PBXBuildFile; fileRef = 5ED01992152B6D370012148C /* ViewController.xib */; };
		5ED019E8152B6EFB0012148C /* Day.m in Sources */ = {isa = PBXBuildFile; fileRef = 5ED019D1152B6EFB0012148C /* Day.m */; };
		5ED019E9152B6EFB0012148C /* DayType.m in Sources */ = {isa = PBXBuildFile; fileRef = 5ED019D3152B6EFB0012148C /* DayType.m */; };
		5ED019EA152B6EFB0012148C /* FileCreationRecord.m in Sources */ = {isa = PBXBuildFile; fileRef = 5ED019D5152B6EFB0012148C /* FileCreationRecord.m */; };
		5ED019EB152B6EFB0012148C /* ProjectCalendar.m in Sources */ = {isa = PBXBuildFile; fileRef = 5ED019D7152B6EFB0012148C /* ProjectCalendar.m */; };
		5ED019EC152B6EFB0012148C /* ProjectCalendarWeek.m in Sources */ = {isa = PBXBuildFile; fileRef = 5ED019D9152B6EFB0012148C /* ProjectCalendarWeek.m */; };
		5ED019ED152B6EFB0012148C /* ProjectFile.m in Sources */ = {isa = PBXBuildFile; fileRef = 5ED019DB152B6EFB0012148C /* ProjectFile.m */; };
		5ED019EE152B6EFB0012148C /* ProjectHeader.m in Sources */ = {isa = PBXBuildFile; fileRef = 5ED019DD152B6EFB0012148C /* ProjectHeader.m */; };
		5ED019EF152B6EFB0012148C /* Relation.m in Sources */ = {isa = PBXBuildFile; fileRef = 5ED019DF152B6EFB0012148C /* Relation.m */; };
		5ED019F0152B6EFB0012148C /* Resource.m in Sources */ = {isa = PBXBuildFile; fileRef = 5ED019E1152B6EFB0012148C /* Resource.m */; };
		5ED019F1152B6EFB0012148C /* ResourceAssignment.m in Sources */ = {isa = PBXBuildFile; fileRef = 5ED019E3152B6EFB0012148C /* ResourceAssignment.m */; };
		5ED019F2152B6EFB0012148C /* Task.m in Sources */ = {isa = PBXBuildFile; fileRef = 5ED019E5152B6EFB0012148C /* Task.m */; };
		7ABCBC4B153388650006391D /* DataType.m in Sources */ = {isa = PBXBuildFile; fileRef = 7ABCBC4A153388650006391D /* DataType.m */; };
		7ABCBC801533B2C40006391D /* TaskField.m in Sources */ = {isa = PBXBuildFile; fileRef = 7ABCBC7F1533B2C40006391D /* TaskField.m */; };
/* End PBXBuildFile section */

/* Begin PBXFileReference section */
		5ED01979152B6D370012148C /* MppViewer.app */ = {isa = PBXFileReference; explicitFileType = wrapper.application; includeInIndex = 0; path = MppViewer.app; sourceTree = BUILT_PRODUCTS_DIR; };
		5ED0197D152B6D370012148C /* UIKit.framework */ = {isa = PBXFileReference; lastKnownFileType = wrapper.framework; name = UIKit.framework; path = System/Library/Frameworks/UIKit.framework; sourceTree = SDKROOT; };
		5ED0197F152B6D370012148C /* Foundation.framework */ = {isa = PBXFileReference; lastKnownFileType = wrapper.framework; name = Foundation.framework; path = System/Library/Frameworks/Foundation.framework; sourceTree = SDKROOT; };
		5ED01981152B6D370012148C /* CoreGraphics.framework */ = {isa = PBXFileReference; lastKnownFileType = wrapper.framework; name = CoreGraphics.framework; path = System/Library/Frameworks/CoreGraphics.framework; sourceTree = SDKROOT; };
		5ED01985152B6D370012148C /* MppViewer-Info.plist */ = {isa = PBXFileReference; lastKnownFileType = text.plist.xml; path = "MppViewer-Info.plist"; sourceTree = "<group>"; };
		5ED01987152B6D370012148C /* en */ = {isa = PBXFileReference; lastKnownFileType = text.plist.strings; name = en; path = en.lproj/InfoPlist.strings; sourceTree = "<group>"; };
		5ED01989152B6D370012148C /* main.m */ = {isa = PBXFileReference; lastKnownFileType = sourcecode.c.objc; path = main.m; sourceTree = "<group>"; };
		5ED0198B152B6D370012148C /* MppViewer-Prefix.pch */ = {isa = PBXFileReference; lastKnownFileType = sourcecode.c.h; path = "MppViewer-Prefix.pch"; sourceTree = "<group>"; };
		5ED0198C152B6D370012148C /* AppDelegate.h */ = {isa = PBXFileReference; lastKnownFileType = sourcecode.c.h; path = AppDelegate.h; sourceTree = "<group>"; };
		5ED0198D152B6D370012148C /* AppDelegate.m */ = {isa = PBXFileReference; lastKnownFileType = sourcecode.c.objc; path = AppDelegate.m; sourceTree = "<group>"; };
		5ED0198F152B6D370012148C /* ViewController.h */ = {isa = PBXFileReference; lastKnownFileType = sourcecode.c.h; path = ViewController.h; sourceTree = "<group>"; };
		5ED01990152B6D370012148C /* ViewController.m */ = {isa = PBXFileReference; lastKnownFileType = sourcecode.c.objc; path = ViewController.m; sourceTree = "<group>"; };
		5ED01993152B6D370012148C /* en */ = {isa = PBXFileReference; lastKnownFileType = file.xib; name = en; path = en.lproj/ViewController.xib; sourceTree = "<group>"; };
		5ED019D0152B6EFB0012148C /* Day.h */ = {isa = PBXFileReference; fileEncoding = 4; lastKnownFileType = sourcecode.c.h; path = Day.h; sourceTree = "<group>"; };
		5ED019D1152B6EFB0012148C /* Day.m */ = {isa = PBXFileReference; fileEncoding = 4; lastKnownFileType = sourcecode.c.objc; path = Day.m; sourceTree = "<group>"; };
		5ED019D2152B6EFB0012148C /* DayType.h */ = {isa = PBXFileReference; fileEncoding = 4; lastKnownFileType = sourcecode.c.h; path = DayType.h; sourceTree = "<group>"; };
		5ED019D3152B6EFB0012148C /* DayType.m */ = {isa = PBXFileReference; fileEncoding = 4; lastKnownFileType = sourcecode.c.objc; path = DayType.m; sourceTree = "<group>"; };
		5ED019D4152B6EFB0012148C /* FileCreationRecord.h */ = {isa = PBXFileReference; fileEncoding = 4; lastKnownFileType = sourcecode.c.h; path = FileCreationRecord.h; sourceTree = "<group>"; };
		5ED019D5152B6EFB0012148C /* FileCreationRecord.m */ = {isa = PBXFileReference; fileEncoding = 4; lastKnownFileType = sourcecode.c.objc; path = FileCreationRecord.m; sourceTree = "<group>"; };
		5ED019D6152B6EFB0012148C /* ProjectCalendar.h */ = {isa = PBXFileReference; fileEncoding = 4; lastKnownFileType = sourcecode.c.h; path = ProjectCalendar.h; sourceTree = "<group>"; };
		5ED019D7152B6EFB0012148C /* ProjectCalendar.m */ = {isa = PBXFileReference; fileEncoding = 4; lastKnownFileType = sourcecode.c.objc; path = ProjectCalendar.m; sourceTree = "<group>"; };
		5ED019D8152B6EFB0012148C /* ProjectCalendarWeek.h */ = {isa = PBXFileReference; fileEncoding = 4; lastKnownFileType = sourcecode.c.h; path = ProjectCalendarWeek.h; sourceTree = "<group>"; };
		5ED019D9152B6EFB0012148C /* ProjectCalendarWeek.m */ = {isa = PBXFileReference; fileEncoding = 4; lastKnownFileType = sourcecode.c.objc; path = ProjectCalendarWeek.m; sourceTree = "<group>"; };
		5ED019DA152B6EFB0012148C /* ProjectFile.h */ = {isa = PBXFileReference; fileEncoding = 4; lastKnownFileType = sourcecode.c.h; path = ProjectFile.h; sourceTree = "<group>"; };
		5ED019DB152B6EFB0012148C /* ProjectFile.m */ = {isa = PBXFileReference; fileEncoding = 4; lastKnownFileType = sourcecode.c.objc; path = ProjectFile.m; sourceTree = "<group>"; };
		5ED019DC152B6EFB0012148C /* ProjectHeader.h */ = {isa = PBXFileReference; fileEncoding = 4; lastKnownFileType = sourcecode.c.h; path = ProjectHeader.h; sourceTree = "<group>"; };
		5ED019DD152B6EFB0012148C /* ProjectHeader.m */ = {isa = PBXFileReference; fileEncoding = 4; lastKnownFileType = sourcecode.c.objc; path = ProjectHeader.m; sourceTree = "<group>"; };
		5ED019DE152B6EFB0012148C /* Relation.h */ = {isa = PBXFileReference; fileEncoding = 4; lastKnownFileType = sourcecode.c.h; path = Relation.h; sourceTree = "<group>"; };
		5ED019DF152B6EFB0012148C /* Relation.m */ = {isa = PBXFileReference; fileEncoding = 4; lastKnownFileType = sourcecode.c.objc; path = Relation.m; sourceTree = "<group>"; };
		5ED019E0152B6EFB0012148C /* Resource.h */ = {isa = PBXFileReference; fileEncoding = 4; lastKnownFileType = sourcecode.c.h; path = Resource.h; sourceTree = "<group>"; };
		5ED019E1152B6EFB0012148C /* Resource.m */ = {isa = PBXFileReference; fileEncoding = 4; lastKnownFileType = sourcecode.c.objc; path = Resource.m; sourceTree = "<group>"; };
		5ED019E2152B6EFB0012148C /* ResourceAssignment.h */ = {isa = PBXFileReference; fileEncoding = 4; lastKnownFileType = sourcecode.c.h; path = ResourceAssignment.h; sourceTree = "<group>"; };
		5ED019E3152B6EFB0012148C /* ResourceAssignment.m */ = {isa = PBXFileReference; fileEncoding = 4; lastKnownFileType = sourcecode.c.objc; path = ResourceAssignment.m; sourceTree = "<group>"; };
		5ED019E4152B6EFB0012148C /* Task.h */ = {isa = PBXFileReference; fileEncoding = 4; lastKnownFileType = sourcecode.c.h; path = Task.h; sourceTree = "<group>"; };
		5ED019E5152B6EFB0012148C /* Task.m */ = {isa = PBXFileReference; fileEncoding = 4; lastKnownFileType = sourcecode.c.objc; path = Task.m; sourceTree = "<group>"; };
		7ABCBC49153388640006391D /* DataType.h */ = {isa = PBXFileReference; fileEncoding = 4; lastKnownFileType = sourcecode.c.h; path = DataType.h; sourceTree = "<group>"; };
		7ABCBC4A153388650006391D /* DataType.m */ = {isa = PBXFileReference; fileEncoding = 4; lastKnownFileType = sourcecode.c.objc; path = DataType.m; sourceTree = "<group>"; };
		7ABCBC7E1533B2C40006391D /* TaskField.h */ = {isa = PBXFileReference; fileEncoding = 4; lastKnownFileType = sourcecode.c.h; path = TaskField.h; sourceTree = "<group>"; };
		7ABCBC7F1533B2C40006391D /* TaskField.m */ = {isa = PBXFileReference; fileEncoding = 4; lastKnownFileType = sourcecode.c.objc; path = TaskField.m; sourceTree = "<group>"; };
		7ABCBC811533B2DD0006391D /* FieldType.h */ = {isa = PBXFileReference; fileEncoding = 4; lastKnownFileType = sourcecode.c.h; path = FieldType.h; sourceTree = "<group>"; };
/* End PBXFileReference section */

/* Begin PBXFrameworksBuildPhase section */
		5ED01976152B6D370012148C /* Frameworks */ = {
			isa = PBXFrameworksBuildPhase;
			buildActionMask = 2147483647;
			files = (
				5ED0197E152B6D370012148C /* UIKit.framework in Frameworks */,
				5ED01980152B6D370012148C /* Foundation.framework in Frameworks */,
				5ED01982152B6D370012148C /* CoreGraphics.framework in Frameworks */,
			);
			runOnlyForDeploymentPostprocessing = 0;
		};
/* End PBXFrameworksBuildPhase section */

/* Begin PBXGroup section */
		5ED0196E152B6D370012148C = {
			isa = PBXGroup;
			children = (
				7ABCBC811533B2DD0006391D /* FieldType.h */,
				7ABCBC7E1533B2C40006391D /* TaskField.h */,
				7ABCBC7F1533B2C40006391D /* TaskField.m */,
				7ABCBC49153388640006391D /* DataType.h */,
				7ABCBC4A153388650006391D /* DataType.m */,
				5ED019D0152B6EFB0012148C /* Day.h */,
				5ED019D1152B6EFB0012148C /* Day.m */,
				5ED019D2152B6EFB0012148C /* DayType.h */,
				5ED019D3152B6EFB0012148C /* DayType.m */,
				5ED019D4152B6EFB0012148C /* FileCreationRecord.h */,
				5ED019D5152B6EFB0012148C /* FileCreationRecord.m */,
				5ED019D6152B6EFB0012148C /* ProjectCalendar.h */,
				5ED019D7152B6EFB0012148C /* ProjectCalendar.m */,
				5ED019D8152B6EFB0012148C /* ProjectCalendarWeek.h */,
				5ED019D9152B6EFB0012148C /* ProjectCalendarWeek.m */,
				5ED019DA152B6EFB0012148C /* ProjectFile.h */,
				5ED019DB152B6EFB0012148C /* ProjectFile.m */,
				5ED019DC152B6EFB0012148C /* ProjectHeader.h */,
				5ED019DD152B6EFB0012148C /* ProjectHeader.m */,
				5ED019DE152B6EFB0012148C /* Relation.h */,
				5ED019DF152B6EFB0012148C /* Relation.m */,
				5ED019E0152B6EFB0012148C /* Resource.h */,
				5ED019E1152B6EFB0012148C /* Resource.m */,
				5ED019E2152B6EFB0012148C /* ResourceAssignment.h */,
				5ED019E3152B6EFB0012148C /* ResourceAssignment.m */,
				5ED019E4152B6EFB0012148C /* Task.h */,
				5ED019E5152B6EFB0012148C /* Task.m */,
				5ED01983152B6D370012148C /* MppViewer */,
				5ED0197C152B6D370012148C /* Frameworks */,
				5ED0197A152B6D370012148C /* Products */,
			);
			sourceTree = "<group>";
		};
		5ED0197A152B6D370012148C /* Products */ = {
			isa = PBXGroup;
			children = (
				5ED01979152B6D370012148C /* MppViewer.app */,
			);
			name = Products;
			sourceTree = "<group>";
		};
		5ED0197C152B6D370012148C /* Frameworks */ = {
			isa = PBXGroup;
			children = (
				5ED0197D152B6D370012148C /* UIKit.framework */,
				5ED0197F152B6D370012148C /* Foundation.framework */,
				5ED01981152B6D370012148C /* CoreGraphics.framework */,
			);
			name = Frameworks;
			sourceTree = "<group>";
		};
		5ED01983152B6D370012148C /* MppViewer */ = {
			isa = PBXGroup;
			children = (
				5ED0198C152B6D370012148C /* AppDelegate.h */,
				5ED0198D152B6D370012148C /* AppDelegate.m */,
				5ED0198F152B6D370012148C /* ViewController.h */,
				5ED01990152B6D370012148C /* ViewController.m */,
				5ED01992152B6D370012148C /* ViewController.xib */,
				5ED01984152B6D370012148C /* Supporting Files */,
			);
			path = MppViewer;
			sourceTree = "<group>";
		};
		5ED01984152B6D370012148C /* Supporting Files */ = {
			isa = PBXGroup;
			children = (
				5ED01985152B6D370012148C /* MppViewer-Info.plist */,
				5ED01986152B6D370012148C /* InfoPlist.strings */,
				5ED01989152B6D370012148C /* main.m */,
				5ED0198B152B6D370012148C /* MppViewer-Prefix.pch */,
			);
			name = "Supporting Files";
			sourceTree = "<group>";
		};
/* End PBXGroup section */

/* Begin PBXNativeTarget section */
		5ED01978152B6D370012148C /* MppViewer */ = {
			isa = PBXNativeTarget;
			buildConfigurationList = 5ED01997152B6D370012148C /* Build configuration list for PBXNativeTarget "MppViewer" */;
			buildPhases = (
				5ED01975152B6D370012148C /* Sources */,
				5ED01976152B6D370012148C /* Frameworks */,
				5ED01977152B6D370012148C /* Resources */,
			);
			buildRules = (
			);
			dependencies = (
			);
			name = MppViewer;
			productName = MppViewer;
			productReference = 5ED01979152B6D370012148C /* MppViewer.app */;
			productType = "com.apple.product-type.application";
		};
/* End PBXNativeTarget section */

/* Begin PBXProject section */
		5ED01970152B6D370012148C /* Project object */ = {
			isa = PBXProject;
			attributes = {
				LastUpgradeCheck = 0430;
			};
			buildConfigurationList = 5ED01973152B6D370012148C /* Build configuration list for PBXProject "MppViewer" */;
			compatibilityVersion = "Xcode 3.2";
			developmentRegion = English;
			hasScannedForEncodings = 0;
			knownRegions = (
				en,
			);
			mainGroup = 5ED0196E152B6D370012148C;
			productRefGroup = 5ED0197A152B6D370012148C /* Products */;
			projectDirPath = "";
			projectRoot = "";
			targets = (
				5ED01978152B6D370012148C /* MppViewer */,
			);
		};
/* End PBXProject section */

/* Begin PBXResourcesBuildPhase section */
		5ED01977152B6D370012148C /* Resources */ = {
			isa = PBXResourcesBuildPhase;
			buildActionMask = 2147483647;
			files = (
				5ED01988152B6D370012148C /* InfoPlist.strings in Resources */,
				5ED01994152B6D370012148C /* ViewController.xib in Resources */,
			);
			runOnlyForDeploymentPostprocessing = 0;
		};
/* End PBXResourcesBuildPhase section */

/* Begin PBXSourcesBuildPhase section */
		5ED01975152B6D370012148C /* Sources */ = {
			isa = PBXSourcesBuildPhase;
			buildActionMask = 2147483647;
			files = (
				5ED0198A152B6D370012148C /* main.m in Sources */,
				5ED0198E152B6D370012148C /* AppDelegate.m in Sources */,
				5ED01991152B6D370012148C /* ViewController.m in Sources */,
				5ED019E8152B6EFB0012148C /* Day.m in Sources */,
				5ED019E9152B6EFB0012148C /* DayType.m in Sources */,
				5ED019EA152B6EFB0012148C /* FileCreationRecord.m in Sources */,
				5ED019EB152B6EFB0012148C /* ProjectCalendar.m in Sources */,
				5ED019EC152B6EFB0012148C /* ProjectCalendarWeek.m in Sources */,
				5ED019ED152B6EFB0012148C /* ProjectFile.m in Sources */,
				5ED019EE152B6EFB0012148C /* ProjectHeader.m in Sources */,
				5ED019EF152B6EFB0012148C /* Relation.m in Sources */,
				5ED019F0152B6EFB0012148C /* Resource.m in Sources */,
				5ED019F1152B6EFB0012148C /* ResourceAssignment.m in Sources */,
				5ED019F2152B6EFB0012148C /* Task.m in Sources */,
				7ABCBC4B153388650006391D /* DataType.m in Sources */,
				7ABCBC801533B2C40006391D /* TaskField.m in Sources */,
			);
			runOnlyForDeploymentPostprocessing = 0;
		};
/* End PBXSourcesBuildPhase section */

/* Begin PBXVariantGroup section */
		5ED01986152B6D370012148C /* InfoPlist.strings */ = {
			isa = PBXVariantGroup;
			children = (
				5ED01987152B6D370012148C /* en */,
			);
			name = InfoPlist.strings;
			sourceTree = "<group>";
		};
		5ED01992152B6D370012148C /* ViewController.xib */ = {
			isa = PBXVariantGroup;
			children = (
				5ED01993152B6D370012148C /* en */,
			);
			name = ViewController.xib;
			sourceTree = "<group>";
		};
/* End PBXVariantGroup section */

/* Begin XCBuildConfiguration section */
		5ED01995152B6D370012148C /* Debug */ = {
			isa = XCBuildConfiguration;
			buildSettings = {
				ALWAYS_SEARCH_USER_PATHS = NO;
				ARCHS = "$(ARCHS_STANDARD_32_BIT)";
				CLANG_ENABLE_OBJC_ARC = YES;
				"CODE_SIGN_IDENTITY[sdk=iphoneos*]" = "iPhone Developer";
				COPY_PHASE_STRIP = NO;
				GCC_C_LANGUAGE_STANDARD = gnu99;
				GCC_DYNAMIC_NO_PIC = NO;
				GCC_OPTIMIZATION_LEVEL = 0;
				GCC_PREPROCESSOR_DEFINITIONS = (
					"DEBUG=1",
					"$(inherited)",
				);
				GCC_SYMBOLS_PRIVATE_EXTERN = NO;
				GCC_VERSION = com.apple.compilers.llvm.clang.1_0;
				GCC_WARN_ABOUT_RETURN_TYPE = YES;
				GCC_WARN_UNINITIALIZED_AUTOS = YES;
				GCC_WARN_UNUSED_VARIABLE = YES;
				IPHONEOS_DEPLOYMENT_TARGET = 5.1;
				SDKROOT = iphoneos;
				TARGETED_DEVICE_FAMILY = 2;
			};
			name = Debug;
		};
		5ED01996152B6D370012148C /* Release */ = {
			isa = XCBuildConfiguration;
			buildSettings = {
				ALWAYS_SEARCH_USER_PATHS = NO;
				ARCHS = "$(ARCHS_STANDARD_32_BIT)";
				CLANG_ENABLE_OBJC_ARC = YES;
				"CODE_SIGN_IDENTITY[sdk=iphoneos*]" = "iPhone Developer";
				COPY_PHASE_STRIP = YES;
				GCC_C_LANGUAGE_STANDARD = gnu99;
				GCC_VERSION = com.apple.compilers.llvm.clang.1_0;
				GCC_WARN_ABOUT_RETURN_TYPE = YES;
				GCC_WARN_UNINITIALIZED_AUTOS = YES;
				GCC_WARN_UNUSED_VARIABLE = YES;
				IPHONEOS_DEPLOYMENT_TARGET = 5.1;
				OTHER_CFLAGS = "-DNS_BLOCK_ASSERTIONS=1";
				SDKROOT = iphoneos;
				TARGETED_DEVICE_FAMILY = 2;
				VALIDATE_PRODUCT = YES;
			};
			name = Release;
		};
		5ED01998152B6D370012148C /* Debug */ = {
			isa = XCBuildConfiguration;
			buildSettings = {
				GCC_PRECOMPILE_PREFIX_HEADER = YES;
				GCC_PREFIX_HEADER = "MppViewer/MppViewer-Prefix.pch";
				INFOPLIST_FILE = "MppViewer/MppViewer-Info.plist";
				PRODUCT_NAME = "$(TARGET_NAME)";
				WRAPPER_EXTENSION = app;
			};
			name = Debug;
		};
		5ED01999152B6D370012148C /* Release */ = {
			isa = XCBuildConfiguration;
			buildSettings = {
				GCC_PRECOMPILE_PREFIX_HEADER = YES;
				GCC_PREFIX_HEADER = "MppViewer/MppViewer-Prefix.pch";
				INFOPLIST_FILE = "MppViewer/MppViewer-Info.plist";
				PRODUCT_NAME = "$(TARGET_NAME)";
				WRAPPER_EXTENSION = app;
			};
			name = Release;
		};
/* End XCBuildConfiguration section */

/* Begin XCConfigurationList section */
		5ED01973152B6D370012148C /* Build configuration list for PBXProject "MppViewer" */ = {
			isa = XCConfigurationList;
			buildConfigurations = (
				5ED01995152B6D370012148C /* Debug */,
				5ED01996152B6D370012148C /* Release */,
			);
			defaultConfigurationIsVisible = 0;
			defaultConfigurationName = Release;
		};
		5ED01997152B6D370012148C /* Build configuration list for PBXNativeTarget "MppViewer" */ = {
			isa = XCConfigurationList;
			buildConfigurations = (
				5ED01998152B6D370012148C /* Debug */,
				5ED01999152B6D370012148C /* Release */,
			);
			defaultConfigurationIsVisible = 0;
			defaultConfigurationName = Release;
		};
/* End XCConfigurationList section */
	};
	rootObject = 5ED01970152B6D370012148C /* Project object */;
}
